
Microsoft Visual Studio Solution File, Format Version 12.00
# Visual Studio Version 16
VisualStudioVersion = 16.0.31515.178
MinimumVisualStudioVersion = 10.0.40219.1
Project("{2150E333-8FDC-42A3-9474-1A3956D46DE8}") = "src", "src", "{C1AEEAA3-B436-4067-8174-630963AB2598}"
EndProject
Project("{2150E333-8FDC-42A3-9474-1A3956D46DE8}") = "Solution Item", "Solution Item", "{DEFD2AF8-6622-4F57-B7BD-C8B70B78EB56}"
EndProject
Project("{2150E333-8FDC-42A3-9474-1A3956D46DE8}") = "Account", "Account", "{09694447-32B8-454E-9FB3-A434AA433196}"
EndProject
Project("{9A19103F-16F7-4668-BE54-9A1E7A4F7556}") = "Account.Api", "Account.Api\Account.Api.csproj", "{F1AEDF0A-ED9A-40DB-A3E9-0866CDB7233E}"
EndProject
Project("{2150E333-8FDC-42A3-9474-1A3956D46DE8}") = "WebApplication", "WebApplication", "{77F83671-A54A-4680-8A2E-0B780866983B}"
EndProject
Project("{9A19103F-16F7-4668-BE54-9A1E7A4F7556}") = "OrbitalSol.WebApp", "OrbitalSol.WebApp\OrbitalSol.WebApp.csproj", "{599B7541-7BCB-4312-BE4E-99D0513428D4}"
EndProject
Project("{2150E333-8FDC-42A3-9474-1A3956D46DE8}") = "ReverseProxy", "ReverseProxy", "{38D0F550-DB1C-417A-B1B5-69C6C044E2F5}"
EndProject
Project("{9A19103F-16F7-4668-BE54-9A1E7A4F7556}") = "ReverseProxy.Api", "ReverseProxy.Api\ReverseProxy.Api.csproj", "{9295CDD0-D7AA-4EEB-9300-EF39FFE75FD5}"
EndProject
Project("{2150E333-8FDC-42A3-9474-1A3956D46DE8}") = "Models", "Models", "{52874406-C249-49E1-94B2-8E64A73586DC}"
EndProject
Project("{9A19103F-16F7-4668-BE54-9A1E7A4F7556}") = "Models.Library", "Models.Library\Models.Library.csproj", "{95BB17D7-0761-442D-9BC0-DB4F0987502F}"
EndProject
Project("{2150E333-8FDC-42A3-9474-1A3956D46DE8}") = "IdentityServer", "IdentityServer", "{1EFB9DC6-BB31-4BDC-BEF9-8AD95D504F7E}"
EndProject
Project("{9A19103F-16F7-4668-BE54-9A1E7A4F7556}") = "IdentityServer.API", "IdentityServer2.API\IdentityServer.API.csproj", "{09CFF6F5-50DD-4EC9-9B3B-ED212B86E382}"
EndProject
Project("{9A19103F-16F7-4668-BE54-9A1E7A4F7556}") = "Account.UnitTest", "Account.UnitTest\Account.UnitTest.csproj", "{C77ADA7D-EA1D-4753-8646-82443B24BA4C}"
EndProject
Project("{FAE04EC0-301F-11D3-BF4B-00C04F79EFBC}") = "Account.Business", "Account.Business\Account.Business.csproj", "{6B327AE6-7ED3-4AAB-B97A-35B9F664DE5D}"
EndProject
Project("{FAE04EC0-301F-11D3-BF4B-00C04F79EFBC}") = "Account.Models", "Account.Models\Account.Models.csproj", "{CB32C404-7B6C-4F5C-9CAC-B1FC6A8F9ED5}"
EndProject
Global
	GlobalSection(SolutionConfigurationPlatforms) = preSolution
		Debug|Any CPU = Debug|Any CPU
		Release|Any CPU = Release|Any CPU
	EndGlobalSection
	GlobalSection(ProjectConfigurationPlatforms) = postSolution
		{F1AEDF0A-ED9A-40DB-A3E9-0866CDB7233E}.Debug|Any CPU.ActiveCfg = Debug|Any CPU
		{F1AEDF0A-ED9A-40DB-A3E9-0866CDB7233E}.Debug|Any CPU.Build.0 = Debug|Any CPU
		{F1AEDF0A-ED9A-40DB-A3E9-0866CDB7233E}.Release|Any CPU.ActiveCfg = Release|Any CPU
		{F1AEDF0A-ED9A-40DB-A3E9-0866CDB7233E}.Release|Any CPU.Build.0 = Release|Any CPU
		{599B7541-7BCB-4312-BE4E-99D0513428D4}.Debug|Any CPU.ActiveCfg = Debug|Any CPU
		{599B7541-7BCB-4312-BE4E-99D0513428D4}.Debug|Any CPU.Build.0 = Debug|Any CPU
		{599B7541-7BCB-4312-BE4E-99D0513428D4}.Release|Any CPU.ActiveCfg = Release|Any CPU
		{599B7541-7BCB-4312-BE4E-99D0513428D4}.Release|Any CPU.Build.0 = Release|Any CPU
		{9295CDD0-D7AA-4EEB-9300-EF39FFE75FD5}.Debug|Any CPU.ActiveCfg = Debug|Any CPU
		{9295CDD0-D7AA-4EEB-9300-EF39FFE75FD5}.Debug|Any CPU.Build.0 = Debug|Any CPU
		{9295CDD0-D7AA-4EEB-9300-EF39FFE75FD5}.Release|Any CPU.ActiveCfg = Release|Any CPU
		{9295CDD0-D7AA-4EEB-9300-EF39FFE75FD5}.Release|Any CPU.Build.0 = Release|Any CPU
		{95BB17D7-0761-442D-9BC0-DB4F0987502F}.Debug|Any CPU.ActiveCfg = Debug|Any CPU
		{95BB17D7-0761-442D-9BC0-DB4F0987502F}.Debug|Any CPU.Build.0 = Debug|Any CPU
		{95BB17D7-0761-442D-9BC0-DB4F0987502F}.Release|Any CPU.ActiveCfg = Release|Any CPU
		{95BB17D7-0761-442D-9BC0-DB4F0987502F}.Release|Any CPU.Build.0 = Release|Any CPU
		{09CFF6F5-50DD-4EC9-9B3B-ED212B86E382}.Debug|Any CPU.ActiveCfg = Debug|Any CPU
		{09CFF6F5-50DD-4EC9-9B3B-ED212B86E382}.Debug|Any CPU.Build.0 = Debug|Any CPU
		{09CFF6F5-50DD-4EC9-9B3B-ED212B86E382}.Release|Any CPU.ActiveCfg = Release|Any CPU
		{09CFF6F5-50DD-4EC9-9B3B-ED212B86E382}.Release|Any CPU.Build.0 = Release|Any CPU
		{C77ADA7D-EA1D-4753-8646-82443B24BA4C}.Debug|Any CPU.ActiveCfg = Debug|Any CPU
		{C77ADA7D-EA1D-4753-8646-82443B24BA4C}.Debug|Any CPU.Build.0 = Debug|Any CPU
		{C77ADA7D-EA1D-4753-8646-82443B24BA4C}.Release|Any CPU.ActiveCfg = Release|Any CPU
		{C77ADA7D-EA1D-4753-8646-82443B24BA4C}.Release|Any CPU.Build.0 = Release|Any CPU
		{6B327AE6-7ED3-4AAB-B97A-35B9F664DE5D}.Debug|Any CPU.ActiveCfg = Debug|Any CPU
		{6B327AE6-7ED3-4AAB-B97A-35B9F664DE5D}.Debug|Any CPU.Build.0 = Debug|Any CPU
		{6B327AE6-7ED3-4AAB-B97A-35B9F664DE5D}.Release|Any CPU.ActiveCfg = Release|Any CPU
		{6B327AE6-7ED3-4AAB-B97A-35B9F664DE5D}.Release|Any CPU.Build.0 = Release|Any CPU
		{CB32C404-7B6C-4F5C-9CAC-B1FC6A8F9ED5}.Debug|Any CPU.ActiveCfg = Debug|Any CPU
		{CB32C404-7B6C-4F5C-9CAC-B1FC6A8F9ED5}.Debug|Any CPU.Build.0 = Debug|Any CPU
		{CB32C404-7B6C-4F5C-9CAC-B1FC6A8F9ED5}.Release|Any CPU.ActiveCfg = Release|Any CPU
		{CB32C404-7B6C-4F5C-9CAC-B1FC6A8F9ED5}.Release|Any CPU.Build.0 = Release|Any CPU
	EndGlobalSection
	GlobalSection(SolutionProperties) = preSolution
		HideSolutionNode = FALSE
	EndGlobalSection
	GlobalSection(NestedProjects) = preSolution
		{09694447-32B8-454E-9FB3-A434AA433196} = {C1AEEAA3-B436-4067-8174-630963AB2598}
		{F1AEDF0A-ED9A-40DB-A3E9-0866CDB7233E} = {09694447-32B8-454E-9FB3-A434AA433196}
		{77F83671-A54A-4680-8A2E-0B780866983B} = {C1AEEAA3-B436-4067-8174-630963AB2598}
		{599B7541-7BCB-4312-BE4E-99D0513428D4} = {77F83671-A54A-4680-8A2E-0B780866983B}
		{38D0F550-DB1C-417A-B1B5-69C6C044E2F5} = {C1AEEAA3-B436-4067-8174-630963AB2598}
		{9295CDD0-D7AA-4EEB-9300-EF39FFE75FD5} = {38D0F550-DB1C-417A-B1B5-69C6C044E2F5}
		{52874406-C249-49E1-94B2-8E64A73586DC} = {C1AEEAA3-B436-4067-8174-630963AB2598}
		{95BB17D7-0761-442D-9BC0-DB4F0987502F} = {52874406-C249-49E1-94B2-8E64A73586DC}
		{1EFB9DC6-BB31-4BDC-BEF9-8AD95D504F7E} = {C1AEEAA3-B436-4067-8174-630963AB2598}
		{09CFF6F5-50DD-4EC9-9B3B-ED212B86E382} = {1EFB9DC6-BB31-4BDC-BEF9-8AD95D504F7E}
		{C77ADA7D-EA1D-4753-8646-82443B24BA4C} = {09694447-32B8-454E-9FB3-A434AA433196}
		{6B327AE6-7ED3-4AAB-B97A-35B9F664DE5D} = {09694447-32B8-454E-9FB3-A434AA433196}
		{CB32C404-7B6C-4F5C-9CAC-B1FC6A8F9ED5} = {09694447-32B8-454E-9FB3-A434AA433196}
	EndGlobalSection
	GlobalSection(ExtensibilityGlobals) = postSolution
		SolutionGuid = {EDBED877-77B2-4A75-9A8C-A84B2D90013C}
	EndGlobalSection
EndGlobal
